{
  "name": "snippetstash",
  "version": "0.1.1",
  "lockfileVersion": 3,
  "requires": true,
  "packages": {
    "": {
      "name": "snippetstash",
      "version": "0.1.1",
      "dependencies": {
        "@tesseract.js-data/eng": "^1.0.0",
        "electron-store": "^10.1.0",
        "tesseract.js": "^6.0.1"
      }
    },
    "node_modules/@tesseract.js-data/eng": {
      "version": "1.0.0",
      "resolved": "https://registry.npmjs.org/@tesseract.js-data/eng/-/eng-1.0.0.tgz",
      "integrity": "sha512-mbTumm6KQPUHyzTPQaF3ObXYnx0SqqfV2nabqFVQBwD6Kl7PhGSLSzOlfFTWy0P3BjghaSKA2W9GB19Jk+ZcTg==",
      "license": "MIT"
    },
    "node_modules/ajv": {
      "version": "8.17.1",
      "resolved": "https://registry.npmjs.org/ajv/-/ajv-8.17.1.tgz",
      "integrity": "sha512-B/gBuNg5SiMTrPkC+A2+cW0RszwxYmn6VYxB/inlBStS5nx6xHIt/ehKRhIMhqusl7a8LjQoZnjCs5vhwxOQ1g==",
      "license": "MIT",
      "dependencies": {
        "fast-deep-equal": "^3.1.3",
        "fast-uri": "^3.0.1",
        "json-schema-traverse": "^1.0.0",
        "require-from-string": "^2.0.2"
      },
      "funding": {
        "type": "github",
        "url": "https://github.com/sponsors/epoberezkin"
      }
    },
    "node_modules/ajv-formats": {
      "version": "3.0.1",
      "resolved": "https://registry.npmjs.org/ajv-formats/-/ajv-formats-3.0.1.tgz",
      "integrity": "sha512-8iUql50EUR+uUcdRQ3HDqa6EVyo3docL8g5WJ3FNcWmu62IbkGUue/pEyLBW8VGKKucTPgqeks4fIU1DA4yowQ==",
      "license": "MIT",
      "dependencies": {
        "ajv": "^8.0.0"
      },
      "peerDependencies": {
        "ajv": "^8.0.0"
      },
      "peerDependenciesMeta": {
        "ajv": {
          "optional": true
        }
      }
    },
    "node_modules/atomically": {
      "version": "2.0.3",
      "resolved": "https://registry.npmjs.org/atomically/-/atomically-2.0.3.tgz",
      "integrity": "sha512-kU6FmrwZ3Lx7/7y3hPS5QnbJfaohcIul5fGqf7ok+4KklIEk9tJ0C2IQPdacSbVUWv6zVHXEBWoWd6NrVMT7Cw==",
      "dependencies": {
        "stubborn-fs": "^1.2.5",
        "when-exit": "^2.1.1"
      }
    },
    "node_modules/bmp-js": {
      "version": "0.1.0",
      "resolved": "https://registry.npmjs.org/bmp-js/-/bmp-js-0.1.0.tgz",
      "integrity": "sha512-vHdS19CnY3hwiNdkaqk93DvjVLfbEcI8mys4UjuWrlX1haDmroo8o4xCzh4wD6DGV6HxRCyauwhHRqMTfERtjw==",
      "license": "MIT"
    },
    "node_modules/conf": {
      "version": "14.0.0",
      "resolved": "https://registry.npmjs.org/conf/-/conf-14.0.0.tgz",
      "integrity": "sha512-L6BuueHTRuJHQvQVc6YXYZRtN5vJUtOdCTLn0tRYYV5azfbAFcPghB5zEE40mVrV6w7slMTqUfkDomutIK14fw==",
      "license": "MIT",
      "dependencies": {
        "ajv": "^8.17.1",
        "ajv-formats": "^3.0.1",
        "atomically": "^2.0.3",
        "debounce-fn": "^6.0.0",
        "dot-prop": "^9.0.0",
        "env-paths": "^3.0.0",
        "json-schema-typed": "^8.0.1",
        "semver": "^7.7.2",
        "uint8array-extras": "^1.4.0"
      },
      "engines": {
        "node": ">=20"
      },
      "funding": {
        "url": "https://github.com/sponsors/sindresorhus"
      }
    },
    "node_modules/debounce-fn": {
      "version": "6.0.0",
      "resolved": "https://registry.npmjs.org/debounce-fn/-/debounce-fn-6.0.0.tgz",
      "integrity": "sha512-rBMW+F2TXryBwB54Q0d8drNEI+TfoS9JpNTAoVpukbWEhjXQq4rySFYLaqXMFXwdv61Zb2OHtj5bviSoimqxRQ==",
      "license": "MIT",
      "dependencies": {
        "mimic-function": "^5.0.0"
      },
      "engines": {
        "node": ">=18"
      },
      "funding": {
        "url": "https://github.com/sponsors/sindresorhus"
      }
    },
    "node_modules/dot-prop": {
      "version": "9.0.0",
      "resolved": "https://registry.npmjs.org/dot-prop/-/dot-prop-9.0.0.tgz",
      "integrity": "sha512-1gxPBJpI/pcjQhKgIU91II6Wkay+dLcN3M6rf2uwP8hRur3HtQXjVrdAK3sjC0piaEuxzMwjXChcETiJl47lAQ==",
      "license": "MIT",
      "dependencies": {
        "type-fest": "^4.18.2"
      },
      "engines": {
        "node": ">=18"
      },
      "funding": {
        "url": "https://github.com/sponsors/sindresorhus"
      }
    },
    "node_modules/electron-store": {
      "version": "10.1.0",
      "resolved": "https://registry.npmjs.org/electron-store/-/electron-store-10.1.0.tgz",
      "integrity": "sha512-oL8bRy7pVCLpwhmXy05Rh/L6O93+k9t6dqSw0+MckIc3OmCTZm6Mp04Q4f/J0rtu84Ky6ywkR8ivtGOmrq+16w==",
      "license": "MIT",
      "dependencies": {
        "conf": "^14.0.0",
        "type-fest": "^4.41.0"
      },
      "engines": {
        "node": ">=20"
      },
      "funding": {
        "url": "https://github.com/sponsors/sindresorhus"
      }
    },
    "node_modules/env-paths": {
      "version": "3.0.0",
      "resolved": "https://registry.npmjs.org/env-paths/-/env-paths-3.0.0.tgz",
      "integrity": "sha512-dtJUTepzMW3Lm/NPxRf3wP4642UWhjL2sQxc+ym2YMj1m/H2zDNQOlezafzkHwn6sMstjHTwG6iQQsctDW/b1A==",
      "license": "MIT",
      "engines": {
        "node": "^12.20.0 || ^14.13.1 || >=16.0.0"
      },
      "funding": {
        "url": "https://github.com/sponsors/sindresorhus"
      }
    },
    "node_modules/fast-deep-equal": {
      "version": "3.1.3",
      "resolved": "https://registry.npmjs.org/fast-deep-equal/-/fast-deep-equal-3.1.3.tgz",
      "integrity": "sha512-f3qQ9oQy9j2AhBe/H9VC91wLmKBCCU/gDOnKNAYG5hswO7BLKj09Hc5HYNz9cGI++xlpDCIgDaitVs03ATR84Q==",
      "license": "MIT"
    },
    "node_modules/fast-uri": {
      "version": "3.0.6",
      "resolved": "https://registry.npmjs.org/fast-uri/-/fast-uri-3.0.6.tgz",
      "integrity": "sha512-Atfo14OibSv5wAp4VWNsFYE1AchQRTv9cBGWET4pZWHzYshFSS9NQI6I57rdKn9croWVMbYFbLhJ+yJvmZIIHw==",
      "funding": [
        {
          "type": "github",
          "url": "https://github.com/sponsors/fastify"
        },
        {
          "type": "opencollective",
          "url": "https://opencollective.com/fastify"
        }
      ],
      "license": "BSD-3-Clause"
    },
    "node_modules/idb-keyval": {
      "version": "6.2.2",
      "resolved": "https://registry.npmjs.org/idb-keyval/-/idb-keyval-6.2.2.tgz",
      "integrity": "sha512-yjD9nARJ/jb1g+CvD0tlhUHOrJ9Sy0P8T9MF3YaLlHnSRpwPfpTX0XIvpmw3gAJUmEu3FiICLBDPXVwyEvrleg==",
      "license": "Apache-2.0"
    },
    "node_modules/is-url": {
      "version": "1.2.4",
      "resolved": "https://registry.npmjs.org/is-url/-/is-url-1.2.4.tgz",
      "integrity": "sha512-ITvGim8FhRiYe4IQ5uHSkj7pVaPDrCTkNd3yq3cV7iZAcJdHTUMPMEHcqSOy9xZ9qFenQCvi+2wjH9a1nXqHww==",
      "license": "MIT"
    },
    "node_modules/json-schema-traverse": {
      "version": "1.0.0",
      "resolved": "https://registry.npmjs.org/json-schema-traverse/-/json-schema-traverse-1.0.0.tgz",
      "integrity": "sha512-NM8/P9n3XjXhIZn1lLhkFaACTOURQXjWhV4BA/RnOv8xvgqtqpAX9IO4mRQxSx1Rlo4tqzeqb0sOlruaOy3dug==",
      "license": "MIT"
    },
    "node_modules/json-schema-typed": {
      "version": "8.0.1",
      "resolved": "https://registry.npmjs.org/json-schema-typed/-/json-schema-typed-8.0.1.tgz",
      "integrity": "sha512-XQmWYj2Sm4kn4WeTYvmpKEbyPsL7nBsb647c7pMe6l02/yx2+Jfc4dT6UZkEXnIUb5LhD55r2HPsJ1milQ4rDg==",
      "license": "BSD-2-Clause"
    },
    "node_modules/mimic-function": {
      "version": "5.0.1",
      "resolved": "https://registry.npmjs.org/mimic-function/-/mimic-function-5.0.1.tgz",
      "integrity": "sha512-VP79XUPxV2CigYP3jWwAUFSku2aKqBH7uTAapFWCBqutsbmDo96KY5o8uh6U+/YSIn5OxJnXp73beVkpqMIGhA==",
      "license": "MIT",
      "engines": {
        "node": ">=18"
      },
      "funding": {
        "url": "https://github.com/sponsors/sindresorhus"
      }
    },
    "node_modules/node-fetch": {
      "version": "2.7.0",
      "resolved": "https://registry.npmjs.org/node-fetch/-/node-fetch-2.7.0.tgz",
      "integrity": "sha512-c4FRfUm/dbcWZ7U+1Wq0AwCyFL+3nt2bEw05wfxSz+DWpWsitgmSgYmy2dQdWyKC1694ELPqMs/YzUSNozLt8A==",
      "license": "MIT",
      "dependencies": {
        "whatwg-url": "^5.0.0"
      },
      "engines": {
        "node": "4.x || >=6.0.0"
      },
      "peerDependencies": {
        "encoding": "^0.1.0"
      },
      "peerDependenciesMeta": {
        "encoding": {
          "optional": true
        }
      }
    },
    "node_modules/opencollective-postinstall": {
      "version": "2.0.3",
      "resolved": "https://registry.npmjs.org/opencollective-postinstall/-/opencollective-postinstall-2.0.3.tgz",
      "integrity": "sha512-8AV/sCtuzUeTo8gQK5qDZzARrulB3egtLzFgteqB2tcT4Mw7B8Kt7JcDHmltjz6FOAHsvTevk70gZEbhM4ZS9Q==",
      "license": "MIT",
      "bin": {
        "opencollective-postinstall": "index.js"
      }
    },
    "node_modules/regenerator-runtime": {
      "version": "0.13.11",
      "resolved": "https://registry.npmjs.org/regenerator-runtime/-/regenerator-runtime-0.13.11.tgz",
      "integrity": "sha512-kY1AZVr2Ra+t+piVaJ4gxaFaReZVH40AKNo7UCX6W+dEwBo/2oZJzqfuN1qLq1oL45o56cPaTXELwrTh8Fpggg==",
      "license": "MIT"
    },
    "node_modules/require-from-string": {
      "version": "2.0.2",
      "resolved": "https://registry.npmjs.org/require-from-string/-/require-from-string-2.0.2.tgz",
      "integrity": "sha512-Xf0nWe6RseziFMu+Ap9biiUbmplq6S9/p+7w7YXP/JBHhrUDDUhwa+vANyubuqfZWTveU//DYVGsDG7RKL/vEw==",
      "license": "MIT",
      "engines": {
        "node": ">=0.10.0"
      }
    },
    "node_modules/semver": {
      "version": "7.7.2",
      "resolved": "https://registry.npmjs.org/semver/-/semver-7.7.2.tgz",
      "integrity": "sha512-RF0Fw+rO5AMf9MAyaRXI4AV0Ulj5lMHqVxxdSgiVbixSCXoEmmX/jk0CuJw4+3SqroYO9VoUh+HcuJivvtJemA==",
      "license": "ISC",
      "bin": {
        "semver": "bin/semver.js"
      },
      "engines": {
        "node": ">=10"
      }
    },
    "node_modules/stubborn-fs": {
      "version": "1.2.5",
      "resolved": "https://registry.npmjs.org/stubborn-fs/-/stubborn-fs-1.2.5.tgz",
      "integrity": "sha512-H2N9c26eXjzL/S/K+i/RHHcFanE74dptvvjM8iwzwbVcWY/zjBbgRqF3K0DY4+OD+uTTASTBvDoxPDaPN02D7g=="
    },
    "node_modules/tesseract.js": {
      "version": "6.0.1",
      "resolved": "https://registry.npmjs.org/tesseract.js/-/tesseract.js-6.0.1.tgz",
      "integrity": "sha512-/sPvMvrCtgxnNRCjbTYbr7BRu0yfWDsMZQ2a/T5aN/L1t8wUQN6tTWv6p6FwzpoEBA0jrN2UD2SX4QQFRdoDbA==",
      "hasInstallScript": true,
      "license": "Apache-2.0",
      "dependencies": {
        "bmp-js": "^0.1.0",
        "idb-keyval": "^6.2.0",
        "is-url": "^1.2.4",
        "node-fetch": "^2.6.9",
        "opencollective-postinstall": "^2.0.3",
        "regenerator-runtime": "^0.13.3",
        "tesseract.js-core": "^6.0.0",
        "wasm-feature-detect": "^1.2.11",
        "zlibjs": "^0.3.1"
      }
    },
    "node_modules/tesseract.js-core": {
      "version": "6.0.0",
      "resolved": "https://registry.npmjs.org/tesseract.js-core/-/tesseract.js-core-6.0.0.tgz",
      "integrity": "sha512-1Qncm/9oKM7xgrQXZXNB+NRh19qiXGhxlrR8EwFbK5SaUbPZnS5OMtP/ghtqfd23hsr1ZvZbZjeuAGcMxd/ooA==",
      "license": "Apache-2.0"
    },
    "node_modules/tr46": {
      "version": "0.0.3",
      "resolved": "https://registry.npmjs.org/tr46/-/tr46-0.0.3.tgz",
      "integrity": "sha512-N3WMsuqV66lT30CrXNbEjx4GEwlow3v6rr4mCcv6prnfwhS01rkgyFdjPNBYd9br7LpXV1+Emh01fHnq2Gdgrw==",
      "license": "MIT"
    },
    "node_modules/type-fest": {
      "version": "4.41.0",
      "resolved": "https://registry.npmjs.org/type-fest/-/type-fest-4.41.0.tgz",
      "integrity": "sha512-TeTSQ6H5YHvpqVwBRcnLDCBnDOHWYu7IvGbHT6N8AOymcr9PJGjc1GTtiWZTYg0NCgYwvnYWEkVChQAr9bjfwA==",
      "license": "(MIT OR CC0-1.0)",
      "engines": {
        "node": ">=16"
      },
      "funding": {
        "url": "https://github.com/sponsors/sindresorhus"
      }
    },
    "node_modules/uint8array-extras": {
      "version": "1.5.0",
      "resolved": "https://registry.npmjs.org/uint8array-extras/-/uint8array-extras-1.5.0.tgz",
      "integrity": "sha512-rvKSBiC5zqCCiDZ9kAOszZcDvdAHwwIKJG33Ykj43OKcWsnmcBRL09YTU4nOeHZ8Y2a7l1MgTd08SBe9A8Qj6A==",
      "license": "MIT",
      "engines": {
        "node": ">=18"
      },
      "funding": {
        "url": "https://github.com/sponsors/sindresorhus"
      }
    },
    "node_modules/wasm-feature-detect": {
      "version": "1.8.0",
      "resolved": "https://registry.npmjs.org/wasm-feature-detect/-/wasm-feature-detect-1.8.0.tgz",
      "integrity": "sha512-zksaLKM2fVlnB5jQQDqKXXwYHLQUVH9es+5TOOHwGOVJOCeRBCiPjwSg+3tN2AdTCzjgli4jijCH290kXb/zWQ==",
      "license": "Apache-2.0"
    },
    "node_modules/webidl-conversions": {
      "version": "3.0.1",
      "resolved": "https://registry.npmjs.org/webidl-conversions/-/webidl-conversions-3.0.1.tgz",
      "integrity": "sha512-2JAn3z8AR6rjK8Sm8orRC0h/bcl/DqL7tRPdGZ4I1CjdF+EaMLmYxBHyXuKL849eucPFhvBoxMsflfOb8kxaeQ==",
      "license": "BSD-2-Clause"
    },
    "node_modules/whatwg-url": {
      "version": "5.0.0",
      "resolved": "https://registry.npmjs.org/whatwg-url/-/whatwg-url-5.0.0.tgz",
      "integrity": "sha512-saE57nupxk6v3HY35+jzBwYa0rKSy0XR8JSxZPwgLr7ys0IBzhGviA1/TUGJLmSVqs8pb9AnvICXEuOHLprYTw==",
      "license": "MIT",
      "dependencies": {
        "tr46": "~0.0.3",
        "webidl-conversions": "^3.0.0"
      }
    },
    "node_modules/when-exit": {
      "version": "2.1.4",
      "resolved": "https://registry.npmjs.org/when-exit/-/when-exit-2.1.4.tgz",
      "integrity": "sha512-4rnvd3A1t16PWzrBUcSDZqcAmsUIy4minDXT/CZ8F2mVDgd65i4Aalimgz1aQkRGU0iH5eT5+6Rx2TK8o443Pg==",
      "license": "MIT"
    },
    "node_modules/zlibjs": {
      "version": "0.3.1",
      "resolved": "https://registry.npmjs.org/zlibjs/-/zlibjs-0.3.1.tgz",
      "integrity": "sha512-+J9RrgTKOmlxFSDHo0pI1xM6BLVUv+o0ZT9ANtCxGkjIVCCUdx9alUF8Gm+dGLKbkkkidWIHFDZHDMpfITt4+w==",
      "license": "MIT",
      "engines": {
        "node": "*"
      }
    }
  }
}
